
Microsoft Visual Studio Solution File, Format Version 12.00
# Visual Studio Version 16
VisualStudioVersion = 16.0.30717.126
MinimumVisualStudioVersion = 10.0.40219.1
Project("{FAE04EC0-301F-11D3-BF4B-00C04F79EFBC}") = "CouponWithOCP", "CouponWithOCP\CouponWithOCP.csproj", "{9C330C1C-B489-4CAB-8B4B-9099CB40279E}"
EndProject
Global
	GlobalSection(SolutionConfigurationPlatforms) = preSolution
		Debug|Any CPU = Debug|Any CPU
		Release|Any CPU = Release|Any CPU
	EndGlobalSection
	GlobalSection(ProjectConfigurationPlatforms) = postSolution
		{9C330C1C-B489-4CAB-8B4B-9099CB40279E}.Debug|Any CPU.ActiveCfg = Debug|Any CPU
		{9C330C1C-B489-4CAB-8B4B-9099CB40279E}.Debug|Any CPU.Build.0 = Debug|Any CPU
		{9C330C1C-B489-4CAB-8B4B-9099CB40279E}.Release|Any CPU.ActiveCfg = Release|Any CPU
		{9C330C1C-B489-4CAB-8B4B-9099CB40279E}.Release|Any CPU.Build.0 = Release|Any CPU
	EndGlobalSection
	GlobalSection(SolutionProperties) = preSolution
		HideSolutionNode = FALSE
	EndGlobalSection
	GlobalSection(ExtensibilityGlobals) = postSolution
		SolutionGuid = {BD098540-3C64-436C-BDDB-B4C5A9C94163}
	EndGlobalSection
EndGlobal
